
Microsoft Visual Studio Solution File, Format Version 12.00
# Visual Studio Version 16
VisualStudioVersion = 16.0.31424.327
MinimumVisualStudioVersion = 10.0.40219.1
Project("{9A19103F-16F7-4668-BE54-9A1E7A4F7556}") = "KuCoinApp", "TestApp\KuCoinApp.csproj", "{7318BACB-BB5C-4FA7-A89F-50EB778A10B9}"
EndProject
Project("{9A19103F-16F7-4668-BE54-9A1E7A4F7556}") = "PinEntry", "PinEntry\PinEntry.csproj", "{F8350DD5-1914-4954-AD4E-2AB29FB3CFF6}"
EndProject
Project("{9A19103F-16F7-4668-BE54-9A1E7A4F7556}") = "FancyCandles", "FancyCandles\FancyCandles\FancyCandles.csproj", "{9F7172F8-0CF5-4F0B-A58B-40EC9F481788}"
EndProject
Project("{2150E333-8FDC-42A3-9474-1A3956D46DE8}") = "Solution Items", "Solution Items", "{24DC62DB-A530-4E88-B9C4-0E98D080A7B4}"
	ProjectSection(SolutionItems) = preProject
		LICENSE = LICENSE
		README.md = README.md
	EndProjectSection
EndProject
Project("{2150E333-8FDC-42A3-9474-1A3956D46DE8}") = "Libraries", "Libraries", "{A79C924D-3407-4B01-899F-9F3AADDE3D0A}"
EndProject
Project("{2150E333-8FDC-42A3-9474-1A3956D46DE8}") = "Examples", "Examples", "{681610A6-483A-4694-989E-D79F4D1EE7FB}"
EndProject
Project("{2150E333-8FDC-42A3-9474-1A3956D46DE8}") = "API", "API", "{EC1FE9CA-54E4-436B-BDB1-34A3AEFAFD34}"
EndProject
Project("{9A19103F-16F7-4668-BE54-9A1E7A4F7556}") = "Kucoin.NET.Std", "Kucoin.NET\Kucoin.NET.Std.csproj", "{D63CCDE5-1D6A-4D2C-BBAB-E574C37AD31D}"
EndProject
Project("{9A19103F-16F7-4668-BE54-9A1E7A4F7556}") = "KuCoinConsole", "KuCoinConsole\KuCoinConsole.csproj", "{A69E0590-2DEB-475A-A25E-48BA0C8A77E6}"
EndProject
Project("{9A19103F-16F7-4668-BE54-9A1E7A4F7556}") = "Kucoin.NET", "Kucoin.NET\Kucoin.NET.csproj", "{44FC4121-E439-4252-83F3-5B59943FC130}"
EndProject
Global
	GlobalSection(SolutionConfigurationPlatforms) = preSolution
		Debug|Any CPU = Debug|Any CPU
		Debug|ARM = Debug|ARM
		Debug|ARM64 = Debug|ARM64
		Debug|x64 = Debug|x64
		Debug|x86 = Debug|x86
		Release|Any CPU = Release|Any CPU
		Release|ARM = Release|ARM
		Release|ARM64 = Release|ARM64
		Release|x64 = Release|x64
		Release|x86 = Release|x86
	EndGlobalSection
	GlobalSection(ProjectConfigurationPlatforms) = postSolution
		{7318BACB-BB5C-4FA7-A89F-50EB778A10B9}.Debug|Any CPU.ActiveCfg = Debug|Any CPU
		{7318BACB-BB5C-4FA7-A89F-50EB778A10B9}.Debug|Any CPU.Build.0 = Debug|Any CPU
		{7318BACB-BB5C-4FA7-A89F-50EB778A10B9}.Debug|ARM.ActiveCfg = Debug|Any CPU
		{7318BACB-BB5C-4FA7-A89F-50EB778A10B9}.Debug|ARM.Build.0 = Debug|Any CPU
		{7318BACB-BB5C-4FA7-A89F-50EB778A10B9}.Debug|ARM64.ActiveCfg = Debug|Any CPU
		{7318BACB-BB5C-4FA7-A89F-50EB778A10B9}.Debug|ARM64.Build.0 = Debug|Any CPU
		{7318BACB-BB5C-4FA7-A89F-50EB778A10B9}.Debug|x64.ActiveCfg = Debug|x64
		{7318BACB-BB5C-4FA7-A89F-50EB778A10B9}.Debug|x64.Build.0 = Debug|x64
		{7318BACB-BB5C-4FA7-A89F-50EB778A10B9}.Debug|x86.ActiveCfg = Debug|Any CPU
		{7318BACB-BB5C-4FA7-A89F-50EB778A10B9}.Debug|x86.Build.0 = Debug|Any CPU
		{7318BACB-BB5C-4FA7-A89F-50EB778A10B9}.Release|Any CPU.ActiveCfg = Release|Any CPU
		{7318BACB-BB5C-4FA7-A89F-50EB778A10B9}.Release|Any CPU.Build.0 = Release|Any CPU
		{7318BACB-BB5C-4FA7-A89F-50EB778A10B9}.Release|ARM.ActiveCfg = Release|Any CPU
		{7318BACB-BB5C-4FA7-A89F-50EB778A10B9}.Release|ARM.Build.0 = Release|Any CPU
		{7318BACB-BB5C-4FA7-A89F-50EB778A10B9}.Release|ARM64.ActiveCfg = Release|Any CPU
		{7318BACB-BB5C-4FA7-A89F-50EB778A10B9}.Release|ARM64.Build.0 = Release|Any CPU
		{7318BACB-BB5C-4FA7-A89F-50EB778A10B9}.Release|x64.ActiveCfg = Release|x64
		{7318BACB-BB5C-4FA7-A89F-50EB778A10B9}.Release|x64.Build.0 = Release|x64
		{7318BACB-BB5C-4FA7-A89F-50EB778A10B9}.Release|x86.ActiveCfg = Release|Any CPU
		{7318BACB-BB5C-4FA7-A89F-50EB778A10B9}.Release|x86.Build.0 = Release|Any CPU
		{F8350DD5-1914-4954-AD4E-2AB29FB3CFF6}.Debug|Any CPU.ActiveCfg = Debug|Any CPU
		{F8350DD5-1914-4954-AD4E-2AB29FB3CFF6}.Debug|Any CPU.Build.0 = Debug|Any CPU
		{F8350DD5-1914-4954-AD4E-2AB29FB3CFF6}.Debug|ARM.ActiveCfg = Debug|Any CPU
		{F8350DD5-1914-4954-AD4E-2AB29FB3CFF6}.Debug|ARM.Build.0 = Debug|Any CPU
		{F8350DD5-1914-4954-AD4E-2AB29FB3CFF6}.Debug|ARM64.ActiveCfg = Debug|Any CPU
		{F8350DD5-1914-4954-AD4E-2AB29FB3CFF6}.Debug|ARM64.Build.0 = Debug|Any CPU
		{F8350DD5-1914-4954-AD4E-2AB29FB3CFF6}.Debug|x64.ActiveCfg = Debug|x64
		{F8350DD5-1914-4954-AD4E-2AB29FB3CFF6}.Debug|x64.Build.0 = Debug|x64
		{F8350DD5-1914-4954-AD4E-2AB29FB3CFF6}.Debug|x86.ActiveCfg = Debug|Any CPU
		{F8350DD5-1914-4954-AD4E-2AB29FB3CFF6}.Debug|x86.Build.0 = Debug|Any CPU
		{F8350DD5-1914-4954-AD4E-2AB29FB3CFF6}.Release|Any CPU.ActiveCfg = Release|Any CPU
		{F8350DD5-1914-4954-AD4E-2AB29FB3CFF6}.Release|Any CPU.Build.0 = Release|Any CPU
		{F8350DD5-1914-4954-AD4E-2AB29FB3CFF6}.Release|ARM.ActiveCfg = Release|Any CPU
		{F8350DD5-1914-4954-AD4E-2AB29FB3CFF6}.Release|ARM.Build.0 = Release|Any CPU
		{F8350DD5-1914-4954-AD4E-2AB29FB3CFF6}.Release|ARM64.ActiveCfg = Release|Any CPU
		{F8350DD5-1914-4954-AD4E-2AB29FB3CFF6}.Release|ARM64.Build.0 = Release|Any CPU
		{F8350DD5-1914-4954-AD4E-2AB29FB3CFF6}.Release|x64.ActiveCfg = Release|x64
		{F8350DD5-1914-4954-AD4E-2AB29FB3CFF6}.Release|x64.Build.0 = Release|x64
		{F8350DD5-1914-4954-AD4E-2AB29FB3CFF6}.Release|x86.ActiveCfg = Release|Any CPU
		{F8350DD5-1914-4954-AD4E-2AB29FB3CFF6}.Release|x86.Build.0 = Release|Any CPU
		{9F7172F8-0CF5-4F0B-A58B-40EC9F481788}.Debug|Any CPU.ActiveCfg = Debug|Any CPU
		{9F7172F8-0CF5-4F0B-A58B-40EC9F481788}.Debug|Any CPU.Build.0 = Debug|Any CPU
		{9F7172F8-0CF5-4F0B-A58B-40EC9F481788}.Debug|ARM.ActiveCfg = Debug|Any CPU
		{9F7172F8-0CF5-4F0B-A58B-40EC9F481788}.Debug|ARM.Build.0 = Debug|Any CPU
		{9F7172F8-0CF5-4F0B-A58B-40EC9F481788}.Debug|ARM64.ActiveCfg = Debug|Any CPU
		{9F7172F8-0CF5-4F0B-A58B-40EC9F481788}.Debug|ARM64.Build.0 = Debug|Any CPU
		{9F7172F8-0CF5-4F0B-A58B-40EC9F481788}.Debug|x64.ActiveCfg = Debug|x64
		{9F7172F8-0CF5-4F0B-A58B-40EC9F481788}.Debug|x64.Build.0 = Debug|x64
		{9F7172F8-0CF5-4F0B-A58B-40EC9F481788}.Debug|x86.ActiveCfg = Debug|Any CPU
		{9F7172F8-0CF5-4F0B-A58B-40EC9F481788}.Debug|x86.Build.0 = Debug|Any CPU
		{9F7172F8-0CF5-4F0B-A58B-40EC9F481788}.Release|Any CPU.ActiveCfg = Release|Any CPU
		{9F7172F8-0CF5-4F0B-A58B-40EC9F481788}.Release|Any CPU.Build.0 = Release|Any CPU
		{9F7172F8-0CF5-4F0B-A58B-40EC9F481788}.Release|ARM.ActiveCfg = Release|Any CPU
		{9F7172F8-0CF5-4F0B-A58B-40EC9F481788}.Release|ARM.Build.0 = Release|Any CPU
		{9F7172F8-0CF5-4F0B-A58B-40EC9F481788}.Release|ARM64.ActiveCfg = Release|Any CPU
		{9F7172F8-0CF5-4F0B-A58B-40EC9F481788}.Release|ARM64.Build.0 = Release|Any CPU
		{9F7172F8-0CF5-4F0B-A58B-40EC9F481788}.Release|x64.ActiveCfg = Release|x64
		{9F7172F8-0CF5-4F0B-A58B-40EC9F481788}.Release|x64.Build.0 = Release|x64
		{9F7172F8-0CF5-4F0B-A58B-40EC9F481788}.Release|x86.ActiveCfg = Release|Any CPU
		{9F7172F8-0CF5-4F0B-A58B-40EC9F481788}.Release|x86.Build.0 = Release|Any CPU
		{D63CCDE5-1D6A-4D2C-BBAB-E574C37AD31D}.Debug|Any CPU.ActiveCfg = Debug|Any CPU
		{D63CCDE5-1D6A-4D2C-BBAB-E574C37AD31D}.Debug|Any CPU.Build.0 = Debug|Any CPU
		{D63CCDE5-1D6A-4D2C-BBAB-E574C37AD31D}.Debug|ARM.ActiveCfg = Debug|Any CPU
		{D63CCDE5-1D6A-4D2C-BBAB-E574C37AD31D}.Debug|ARM.Build.0 = Debug|Any CPU
		{D63CCDE5-1D6A-4D2C-BBAB-E574C37AD31D}.Debug|ARM64.ActiveCfg = Debug|Any CPU
		{D63CCDE5-1D6A-4D2C-BBAB-E574C37AD31D}.Debug|ARM64.Build.0 = Debug|Any CPU
		{D63CCDE5-1D6A-4D2C-BBAB-E574C37AD31D}.Debug|x64.ActiveCfg = Debug|x64
		{D63CCDE5-1D6A-4D2C-BBAB-E574C37AD31D}.Debug|x64.Build.0 = Debug|x64
		{D63CCDE5-1D6A-4D2C-BBAB-E574C37AD31D}.Debug|x86.ActiveCfg = Debug|Any CPU
		{D63CCDE5-1D6A-4D2C-BBAB-E574C37AD31D}.Debug|x86.Build.0 = Debug|Any CPU
		{D63CCDE5-1D6A-4D2C-BBAB-E574C37AD31D}.Release|Any CPU.ActiveCfg = Release|Any CPU
		{D63CCDE5-1D6A-4D2C-BBAB-E574C37AD31D}.Release|Any CPU.Build.0 = Release|Any CPU
		{D63CCDE5-1D6A-4D2C-BBAB-E574C37AD31D}.Release|ARM.ActiveCfg = Release|Any CPU
		{D63CCDE5-1D6A-4D2C-BBAB-E574C37AD31D}.Release|ARM.Build.0 = Release|Any CPU
		{D63CCDE5-1D6A-4D2C-BBAB-E574C37AD31D}.Release|ARM64.ActiveCfg = Release|Any CPU
		{D63CCDE5-1D6A-4D2C-BBAB-E574C37AD31D}.Release|ARM64.Build.0 = Release|Any CPU
		{D63CCDE5-1D6A-4D2C-BBAB-E574C37AD31D}.Release|x64.ActiveCfg = Release|x64
		{D63CCDE5-1D6A-4D2C-BBAB-E574C37AD31D}.Release|x64.Build.0 = Release|x64
		{D63CCDE5-1D6A-4D2C-BBAB-E574C37AD31D}.Release|x86.ActiveCfg = Release|Any CPU
		{D63CCDE5-1D6A-4D2C-BBAB-E574C37AD31D}.Release|x86.Build.0 = Release|Any CPU
		{A69E0590-2DEB-475A-A25E-48BA0C8A77E6}.Debug|Any CPU.ActiveCfg = Debug|Any CPU
		{A69E0590-2DEB-475A-A25E-48BA0C8A77E6}.Debug|Any CPU.Build.0 = Debug|Any CPU
		{A69E0590-2DEB-475A-A25E-48BA0C8A77E6}.Debug|ARM.ActiveCfg = Debug|Any CPU
		{A69E0590-2DEB-475A-A25E-48BA0C8A77E6}.Debug|ARM.Build.0 = Debug|Any CPU
		{A69E0590-2DEB-475A-A25E-48BA0C8A77E6}.Debug|ARM64.ActiveCfg = Debug|Any CPU
		{A69E0590-2DEB-475A-A25E-48BA0C8A77E6}.Debug|ARM64.Build.0 = Debug|Any CPU
		{A69E0590-2DEB-475A-A25E-48BA0C8A77E6}.Debug|x64.ActiveCfg = Debug|x64
		{A69E0590-2DEB-475A-A25E-48BA0C8A77E6}.Debug|x64.Build.0 = Debug|x64
		{A69E0590-2DEB-475A-A25E-48BA0C8A77E6}.Debug|x86.ActiveCfg = Debug|Any CPU
		{A69E0590-2DEB-475A-A25E-48BA0C8A77E6}.Debug|x86.Build.0 = Debug|Any CPU
		{A69E0590-2DEB-475A-A25E-48BA0C8A77E6}.Release|Any CPU.ActiveCfg = Release|Any CPU
		{A69E0590-2DEB-475A-A25E-48BA0C8A77E6}.Release|Any CPU.Build.0 = Release|Any CPU
		{A69E0590-2DEB-475A-A25E-48BA0C8A77E6}.Release|ARM.ActiveCfg = Release|Any CPU
		{A69E0590-2DEB-475A-A25E-48BA0C8A77E6}.Release|ARM.Build.0 = Release|Any CPU
		{A69E0590-2DEB-475A-A25E-48BA0C8A77E6}.Release|ARM64.ActiveCfg = Release|Any CPU
		{A69E0590-2DEB-475A-A25E-48BA0C8A77E6}.Release|ARM64.Build.0 = Release|Any CPU
		{A69E0590-2DEB-475A-A25E-48BA0C8A77E6}.Release|x64.ActiveCfg = Release|x64
		{A69E0590-2DEB-475A-A25E-48BA0C8A77E6}.Release|x64.Build.0 = Release|x64
		{A69E0590-2DEB-475A-A25E-48BA0C8A77E6}.Release|x86.ActiveCfg = Release|Any CPU
		{A69E0590-2DEB-475A-A25E-48BA0C8A77E6}.Release|x86.Build.0 = Release|Any CPU
		{44FC4121-E439-4252-83F3-5B59943FC130}.Debug|Any CPU.ActiveCfg = Debug|Any CPU
		{44FC4121-E439-4252-83F3-5B59943FC130}.Debug|Any CPU.Build.0 = Debug|Any CPU
		{44FC4121-E439-4252-83F3-5B59943FC130}.Debug|ARM.ActiveCfg = Debug|Any CPU
		{44FC4121-E439-4252-83F3-5B59943FC130}.Debug|ARM.Build.0 = Debug|Any CPU
		{44FC4121-E439-4252-83F3-5B59943FC130}.Debug|ARM64.ActiveCfg = Debug|Any CPU
		{44FC4121-E439-4252-83F3-5B59943FC130}.Debug|ARM64.Build.0 = Debug|Any CPU
		{44FC4121-E439-4252-83F3-5B59943FC130}.Debug|x64.ActiveCfg = Debug|x64
		{44FC4121-E439-4252-83F3-5B59943FC130}.Debug|x64.Build.0 = Debug|x64
		{44FC4121-E439-4252-83F3-5B59943FC130}.Debug|x86.ActiveCfg = Debug|Any CPU
		{44FC4121-E439-4252-83F3-5B59943FC130}.Debug|x86.Build.0 = Debug|Any CPU
		{44FC4121-E439-4252-83F3-5B59943FC130}.Release|Any CPU.ActiveCfg = Release|Any CPU
		{44FC4121-E439-4252-83F3-5B59943FC130}.Release|Any CPU.Build.0 = Release|Any CPU
		{44FC4121-E439-4252-83F3-5B59943FC130}.Release|ARM.ActiveCfg = Release|Any CPU
		{44FC4121-E439-4252-83F3-5B59943FC130}.Release|ARM.Build.0 = Release|Any CPU
		{44FC4121-E439-4252-83F3-5B59943FC130}.Release|ARM64.ActiveCfg = Release|Any CPU
		{44FC4121-E439-4252-83F3-5B59943FC130}.Release|ARM64.Build.0 = Release|Any CPU
		{44FC4121-E439-4252-83F3-5B59943FC130}.Release|x64.ActiveCfg = Release|x64
		{44FC4121-E439-4252-83F3-5B59943FC130}.Release|x64.Build.0 = Release|x64
		{44FC4121-E439-4252-83F3-5B59943FC130}.Release|x86.ActiveCfg = Release|Any CPU
		{44FC4121-E439-4252-83F3-5B59943FC130}.Release|x86.Build.0 = Release|Any CPU
	EndGlobalSection
	GlobalSection(SolutionProperties) = preSolution
		HideSolutionNode = FALSE
	EndGlobalSection
	GlobalSection(NestedProjects) = preSolution
		{7318BACB-BB5C-4FA7-A89F-50EB778A10B9} = {681610A6-483A-4694-989E-D79F4D1EE7FB}
		{F8350DD5-1914-4954-AD4E-2AB29FB3CFF6} = {A79C924D-3407-4B01-899F-9F3AADDE3D0A}
		{9F7172F8-0CF5-4F0B-A58B-40EC9F481788} = {A79C924D-3407-4B01-899F-9F3AADDE3D0A}
		{D63CCDE5-1D6A-4D2C-BBAB-E574C37AD31D} = {EC1FE9CA-54E4-436B-BDB1-34A3AEFAFD34}
		{A69E0590-2DEB-475A-A25E-48BA0C8A77E6} = {681610A6-483A-4694-989E-D79F4D1EE7FB}
		{44FC4121-E439-4252-83F3-5B59943FC130} = {EC1FE9CA-54E4-436B-BDB1-34A3AEFAFD34}
	EndGlobalSection
	GlobalSection(ExtensibilityGlobals) = postSolution
		SolutionGuid = {25280A99-0A16-4804-A89C-5C0BFCFC886F}
	EndGlobalSection
EndGlobal
