
Microsoft Visual Studio Solution File, Format Version 12.00
# Visual Studio Version 16
VisualStudioVersion = 16.0.31424.327
MinimumVisualStudioVersion = 10.0.40219.1
Project("{2150E333-8FDC-42A3-9474-1A3956D46DE8}") = "Solution Items", "Solution Items", "{24DC62DB-A530-4E88-B9C4-0E98D080A7B4}"
	ProjectSection(SolutionItems) = preProject
		LICENSE = LICENSE
		README.md = README.md
	EndProjectSection
EndProject
Project("{2150E333-8FDC-42A3-9474-1A3956D46DE8}") = "Examples", "Examples", "{681610A6-483A-4694-989E-D79F4D1EE7FB}"
EndProject
Project("{2150E333-8FDC-42A3-9474-1A3956D46DE8}") = "API", "API", "{EC1FE9CA-54E4-436B-BDB1-34A3AEFAFD34}"
EndProject
Project("{9A19103F-16F7-4668-BE54-9A1E7A4F7556}") = "KuCoinConsole.Std", "Sample Apps\KuCoinConsole\KuCoinConsole.Std.csproj", "{A69E0590-2DEB-475A-A25E-48BA0C8A77E6}"
EndProject
Project("{9A19103F-16F7-4668-BE54-9A1E7A4F7556}") = "CredentialTool.Std", "Sample Apps\CredentialTool\CredentialTool.Std.csproj", "{76E076C8-99AB-4F45-A00B-C5EC302030F0}"
EndProject
Project("{9A19103F-16F7-4668-BE54-9A1E7A4F7556}") = "KuCoin.NET.Std", "KuCoin.NET\KuCoin.NET.Std.csproj", "{2B67D1BB-4736-4A32-895C-76AA578AFED8}"
EndProject
Global
	GlobalSection(SolutionConfigurationPlatforms) = preSolution
		Debug|Any CPU = Debug|Any CPU
		Debug|ARM = Debug|ARM
		Debug|ARM64 = Debug|ARM64
		Debug|x64 = Debug|x64
		Debug|x86 = Debug|x86
		Release|Any CPU = Release|Any CPU
		Release|ARM = Release|ARM
		Release|ARM64 = Release|ARM64
		Release|x64 = Release|x64
		Release|x86 = Release|x86
	EndGlobalSection
	GlobalSection(ProjectConfigurationPlatforms) = postSolution
		{A69E0590-2DEB-475A-A25E-48BA0C8A77E6}.Debug|Any CPU.ActiveCfg = Debug|Any CPU
		{A69E0590-2DEB-475A-A25E-48BA0C8A77E6}.Debug|Any CPU.Build.0 = Debug|Any CPU
		{A69E0590-2DEB-475A-A25E-48BA0C8A77E6}.Debug|ARM.ActiveCfg = Debug|Any CPU
		{A69E0590-2DEB-475A-A25E-48BA0C8A77E6}.Debug|ARM.Build.0 = Debug|Any CPU
		{A69E0590-2DEB-475A-A25E-48BA0C8A77E6}.Debug|ARM64.ActiveCfg = Debug|Any CPU
		{A69E0590-2DEB-475A-A25E-48BA0C8A77E6}.Debug|ARM64.Build.0 = Debug|Any CPU
		{A69E0590-2DEB-475A-A25E-48BA0C8A77E6}.Debug|x64.ActiveCfg = Debug|x64
		{A69E0590-2DEB-475A-A25E-48BA0C8A77E6}.Debug|x64.Build.0 = Debug|x64
		{A69E0590-2DEB-475A-A25E-48BA0C8A77E6}.Debug|x86.ActiveCfg = Debug|Any CPU
		{A69E0590-2DEB-475A-A25E-48BA0C8A77E6}.Debug|x86.Build.0 = Debug|Any CPU
		{A69E0590-2DEB-475A-A25E-48BA0C8A77E6}.Release|Any CPU.ActiveCfg = Release|Any CPU
		{A69E0590-2DEB-475A-A25E-48BA0C8A77E6}.Release|Any CPU.Build.0 = Release|Any CPU
		{A69E0590-2DEB-475A-A25E-48BA0C8A77E6}.Release|ARM.ActiveCfg = Release|Any CPU
		{A69E0590-2DEB-475A-A25E-48BA0C8A77E6}.Release|ARM.Build.0 = Release|Any CPU
		{A69E0590-2DEB-475A-A25E-48BA0C8A77E6}.Release|ARM64.ActiveCfg = Release|Any CPU
		{A69E0590-2DEB-475A-A25E-48BA0C8A77E6}.Release|ARM64.Build.0 = Release|Any CPU
		{A69E0590-2DEB-475A-A25E-48BA0C8A77E6}.Release|x64.ActiveCfg = Release|x64
		{A69E0590-2DEB-475A-A25E-48BA0C8A77E6}.Release|x64.Build.0 = Release|x64
		{A69E0590-2DEB-475A-A25E-48BA0C8A77E6}.Release|x86.ActiveCfg = Release|Any CPU
		{A69E0590-2DEB-475A-A25E-48BA0C8A77E6}.Release|x86.Build.0 = Release|Any CPU
		{44FC4121-E439-4252-83F3-5B59943FC130}.Debug|Any CPU.ActiveCfg = Debug|Any CPU
		{44FC4121-E439-4252-83F3-5B59943FC130}.Debug|Any CPU.Build.0 = Debug|Any CPU
		{44FC4121-E439-4252-83F3-5B59943FC130}.Debug|ARM.ActiveCfg = Debug|Any CPU
		{44FC4121-E439-4252-83F3-5B59943FC130}.Debug|ARM.Build.0 = Debug|Any CPU
		{44FC4121-E439-4252-83F3-5B59943FC130}.Debug|ARM64.ActiveCfg = Debug|Any CPU
		{44FC4121-E439-4252-83F3-5B59943FC130}.Debug|ARM64.Build.0 = Debug|Any CPU
		{44FC4121-E439-4252-83F3-5B59943FC130}.Debug|x64.ActiveCfg = Debug|x64
		{44FC4121-E439-4252-83F3-5B59943FC130}.Debug|x64.Build.0 = Debug|x64
		{44FC4121-E439-4252-83F3-5B59943FC130}.Debug|x86.ActiveCfg = Debug|Any CPU
		{44FC4121-E439-4252-83F3-5B59943FC130}.Debug|x86.Build.0 = Debug|Any CPU
		{44FC4121-E439-4252-83F3-5B59943FC130}.Release|Any CPU.ActiveCfg = Release|Any CPU
		{44FC4121-E439-4252-83F3-5B59943FC130}.Release|Any CPU.Build.0 = Release|Any CPU
		{44FC4121-E439-4252-83F3-5B59943FC130}.Release|ARM.ActiveCfg = Release|Any CPU
		{44FC4121-E439-4252-83F3-5B59943FC130}.Release|ARM.Build.0 = Release|Any CPU
		{44FC4121-E439-4252-83F3-5B59943FC130}.Release|ARM64.ActiveCfg = Release|Any CPU
		{44FC4121-E439-4252-83F3-5B59943FC130}.Release|ARM64.Build.0 = Release|Any CPU
		{44FC4121-E439-4252-83F3-5B59943FC130}.Release|x64.ActiveCfg = Release|x64
		{44FC4121-E439-4252-83F3-5B59943FC130}.Release|x64.Build.0 = Release|x64
		{44FC4121-E439-4252-83F3-5B59943FC130}.Release|x86.ActiveCfg = Release|Any CPU
		{44FC4121-E439-4252-83F3-5B59943FC130}.Release|x86.Build.0 = Release|Any CPU
		{76E076C8-99AB-4F45-A00B-C5EC302030F0}.Debug|Any CPU.ActiveCfg = Debug|Any CPU
		{76E076C8-99AB-4F45-A00B-C5EC302030F0}.Debug|Any CPU.Build.0 = Debug|Any CPU
		{76E076C8-99AB-4F45-A00B-C5EC302030F0}.Debug|ARM.ActiveCfg = Debug|Any CPU
		{76E076C8-99AB-4F45-A00B-C5EC302030F0}.Debug|ARM.Build.0 = Debug|Any CPU
		{76E076C8-99AB-4F45-A00B-C5EC302030F0}.Debug|ARM64.ActiveCfg = Debug|Any CPU
		{76E076C8-99AB-4F45-A00B-C5EC302030F0}.Debug|ARM64.Build.0 = Debug|Any CPU
		{76E076C8-99AB-4F45-A00B-C5EC302030F0}.Debug|x64.ActiveCfg = Debug|Any CPU
		{76E076C8-99AB-4F45-A00B-C5EC302030F0}.Debug|x64.Build.0 = Debug|Any CPU
		{76E076C8-99AB-4F45-A00B-C5EC302030F0}.Debug|x86.ActiveCfg = Debug|Any CPU
		{76E076C8-99AB-4F45-A00B-C5EC302030F0}.Debug|x86.Build.0 = Debug|Any CPU
		{76E076C8-99AB-4F45-A00B-C5EC302030F0}.Release|Any CPU.ActiveCfg = Release|Any CPU
		{76E076C8-99AB-4F45-A00B-C5EC302030F0}.Release|Any CPU.Build.0 = Release|Any CPU
		{76E076C8-99AB-4F45-A00B-C5EC302030F0}.Release|ARM.ActiveCfg = Release|Any CPU
		{76E076C8-99AB-4F45-A00B-C5EC302030F0}.Release|ARM.Build.0 = Release|Any CPU
		{76E076C8-99AB-4F45-A00B-C5EC302030F0}.Release|ARM64.ActiveCfg = Release|Any CPU
		{76E076C8-99AB-4F45-A00B-C5EC302030F0}.Release|ARM64.Build.0 = Release|Any CPU
		{76E076C8-99AB-4F45-A00B-C5EC302030F0}.Release|x64.ActiveCfg = Release|Any CPU
		{76E076C8-99AB-4F45-A00B-C5EC302030F0}.Release|x64.Build.0 = Release|Any CPU
		{76E076C8-99AB-4F45-A00B-C5EC302030F0}.Release|x86.ActiveCfg = Release|Any CPU
		{76E076C8-99AB-4F45-A00B-C5EC302030F0}.Release|x86.Build.0 = Release|Any CPU
		{2B67D1BB-4736-4A32-895C-76AA578AFED8}.Debug|Any CPU.ActiveCfg = Debug|Any CPU
		{2B67D1BB-4736-4A32-895C-76AA578AFED8}.Debug|Any CPU.Build.0 = Debug|Any CPU
		{2B67D1BB-4736-4A32-895C-76AA578AFED8}.Debug|ARM.ActiveCfg = Debug|Any CPU
		{2B67D1BB-4736-4A32-895C-76AA578AFED8}.Debug|ARM.Build.0 = Debug|Any CPU
		{2B67D1BB-4736-4A32-895C-76AA578AFED8}.Debug|ARM64.ActiveCfg = Debug|Any CPU
		{2B67D1BB-4736-4A32-895C-76AA578AFED8}.Debug|ARM64.Build.0 = Debug|Any CPU
		{2B67D1BB-4736-4A32-895C-76AA578AFED8}.Debug|x64.ActiveCfg = Debug|x64
		{2B67D1BB-4736-4A32-895C-76AA578AFED8}.Debug|x64.Build.0 = Debug|x64
		{2B67D1BB-4736-4A32-895C-76AA578AFED8}.Debug|x86.ActiveCfg = Debug|Any CPU
		{2B67D1BB-4736-4A32-895C-76AA578AFED8}.Debug|x86.Build.0 = Debug|Any CPU
		{2B67D1BB-4736-4A32-895C-76AA578AFED8}.Release|Any CPU.ActiveCfg = Release|Any CPU
		{2B67D1BB-4736-4A32-895C-76AA578AFED8}.Release|Any CPU.Build.0 = Release|Any CPU
		{2B67D1BB-4736-4A32-895C-76AA578AFED8}.Release|ARM.ActiveCfg = Release|Any CPU
		{2B67D1BB-4736-4A32-895C-76AA578AFED8}.Release|ARM.Build.0 = Release|Any CPU
		{2B67D1BB-4736-4A32-895C-76AA578AFED8}.Release|ARM64.ActiveCfg = Release|Any CPU
		{2B67D1BB-4736-4A32-895C-76AA578AFED8}.Release|ARM64.Build.0 = Release|Any CPU
		{2B67D1BB-4736-4A32-895C-76AA578AFED8}.Release|x64.ActiveCfg = Release|x64
		{2B67D1BB-4736-4A32-895C-76AA578AFED8}.Release|x64.Build.0 = Release|x64
		{2B67D1BB-4736-4A32-895C-76AA578AFED8}.Release|x86.ActiveCfg = Release|Any CPU
		{2B67D1BB-4736-4A32-895C-76AA578AFED8}.Release|x86.Build.0 = Release|Any CPU
	EndGlobalSection
	GlobalSection(SolutionProperties) = preSolution
		HideSolutionNode = FALSE
	EndGlobalSection
	GlobalSection(NestedProjects) = preSolution
		{A69E0590-2DEB-475A-A25E-48BA0C8A77E6} = {681610A6-483A-4694-989E-D79F4D1EE7FB}
		{44FC4121-E439-4252-83F3-5B59943FC130} = {EC1FE9CA-54E4-436B-BDB1-34A3AEFAFD34}
		{76E076C8-99AB-4F45-A00B-C5EC302030F0} = {681610A6-483A-4694-989E-D79F4D1EE7FB}
		{2B67D1BB-4736-4A32-895C-76AA578AFED8} = {EC1FE9CA-54E4-436B-BDB1-34A3AEFAFD34}
	EndGlobalSection
	GlobalSection(ExtensibilityGlobals) = postSolution
		SolutionGuid = {25280A99-0A16-4804-A89C-5C0BFCFC886F}
	EndGlobalSection
EndGlobal
